github.com/porteconj/pej_blog_theme v0.0.0-20200322103447-9fcc6ab31fae h1:zp7uUUg74+JnsYQZ220m6godRSUCqW64EmA+fBQkULY=
github.com/porteconj/pej_blog_theme v0.0.0-20200322103447-9fcc6ab31fae/go.mod h1:/JCYeJuQjItUD2ZL2jGUdMRCkm8i+9qcUJl1c8JVPvU=
github.com/porteconj/pej_blog_theme v0.0.0-20200322201339-6b27e241f7ac h1:uB5Z3YrjLrnN8QljffY8BNpVaPoIgLluRv8i9v/UuHY=
github.com/porteconj/pej_blog_theme v0.0.0-20200322201339-6b27e241f7ac/go.mod h1:/JCYeJuQjItUD2ZL2jGUdMRCkm8i+9qcUJl1c8JVPvU=
