github.com/porteconj/pej_blog_theme v0.0.0-20201009132425-59edc8680bc9 h1:fu1g7KlufovptsGpgwzdwyPDavjQOevqQ+MXIzw1Tn8=
github.com/porteconj/pej_blog_theme v0.0.0-20201009132425-59edc8680bc9/go.mod h1:2hQx8lXqNGmPMD89g+EN2Fy4bNSUeyGmfaFmcYEN6LI=
github.com/porteconj/pej_blog_theme v0.0.0-20210130233541-994f5c9d2932 h1:bvm/c62aX1HcBa3EpX3t4dyV5XkjXQH4y7zjRRov6lY=
github.com/porteconj/pej_blog_theme v0.0.0-20210130233541-994f5c9d2932/go.mod h1:2hQx8lXqNGmPMD89g+EN2Fy4bNSUeyGmfaFmcYEN6LI=
github.com/porteconj/pej_blog_theme v0.0.0-20210130235513-a72a5c1a8618 h1:MSFrt9wX0zs6aPxsyBkQoCRY5ILuHDlYbAeLq6frDs4=
github.com/porteconj/pej_blog_theme v0.0.0-20210130235513-a72a5c1a8618/go.mod h1:2hQx8lXqNGmPMD89g+EN2Fy4bNSUeyGmfaFmcYEN6LI=
github.com/porteconj/pej_blog_theme v0.0.0-20210130235839-e2514ef6e794 h1:tEQ465bVETwG200JjYDAF/7U7i9jtsAdaz6ZjE3iUWY=
github.com/porteconj/pej_blog_theme v0.0.0-20210130235839-e2514ef6e794/go.mod h1:2hQx8lXqNGmPMD89g+EN2Fy4bNSUeyGmfaFmcYEN6LI=
github.com/porteconj/pej_blog_theme v0.0.0-20210131000130-e5ab833b083e h1:tkxAgT9DPEU/6ChDlPmRUntYlbozgSmI2jKAvwJCsHs=
github.com/porteconj/pej_blog_theme v0.0.0-20210131000130-e5ab833b083e/go.mod h1:2hQx8lXqNGmPMD89g+EN2Fy4bNSUeyGmfaFmcYEN6LI=
