github.com/porteconj/pej_blog_theme v0.0.0-20200322001038-8965a4dd3345 h1:Hw2/woaxQtW3eHubgCq2B28DMfXVuTlKXkdWcp+EtWo=
github.com/porteconj/pej_blog_theme v0.0.0-20200322001038-8965a4dd3345/go.mod h1:/JCYeJuQjItUD2ZL2jGUdMRCkm8i+9qcUJl1c8JVPvU=
github.com/porteconj/pej_blog_theme v0.0.0-20200322001957-eecda826d931 h1:q6PQTOA4Z+nHtLOvRpY0wCaB6m0UGhVp1f5NP3sawSo=
github.com/porteconj/pej_blog_theme v0.0.0-20200322001957-eecda826d931/go.mod h1:/JCYeJuQjItUD2ZL2jGUdMRCkm8i+9qcUJl1c8JVPvU=
github.com/porteconj/pej_blog_theme v0.0.0-20200322092733-b0258e83779f h1:Qx4jLo3NGCxI0oFTFNd7EE+Y+gDTY3qgiclTMuyOHTc=
github.com/porteconj/pej_blog_theme v0.0.0-20200322092733-b0258e83779f/go.mod h1:/JCYeJuQjItUD2ZL2jGUdMRCkm8i+9qcUJl1c8JVPvU=
